
Microsoft Visual Studio Solution File, Format Version 12.00
# Visual Studio Version 17
VisualStudioVersion = 17.4.33110.190
MinimumVisualStudioVersion = 10.0.40219.1
Project("{FAE04EC0-301F-11D3-BF4B-00C04F79EFBC}") = "TongDaySo", "TongDaySo\TongDaySo.csproj", "{1DD8D39D-DFF0-4A88-BD33-E54F9ED845AD}"
EndProject
Global
	GlobalSection(SolutionConfigurationPlatforms) = preSolution
		Debug|Any CPU = Debug|Any CPU
		Release|Any CPU = Release|Any CPU
	EndGlobalSection
	GlobalSection(ProjectConfigurationPlatforms) = postSolution
		{1DD8D39D-DFF0-4A88-BD33-E54F9ED845AD}.Debug|Any CPU.ActiveCfg = Debug|Any CPU
		{1DD8D39D-DFF0-4A88-BD33-E54F9ED845AD}.Debug|Any CPU.Build.0 = Debug|Any CPU
		{1DD8D39D-DFF0-4A88-BD33-E54F9ED845AD}.Release|Any CPU.ActiveCfg = Release|Any CPU
		{1DD8D39D-DFF0-4A88-BD33-E54F9ED845AD}.Release|Any CPU.Build.0 = Release|Any CPU
	EndGlobalSection
	GlobalSection(SolutionProperties) = preSolution
		HideSolutionNode = FALSE
	EndGlobalSection
	GlobalSection(ExtensibilityGlobals) = postSolution
		SolutionGuid = {22A5D735-4CDD-4A74-8C86-0E7AFB0F58F5}
	EndGlobalSection
EndGlobal
