
Microsoft Visual Studio Solution File, Format Version 12.00
# Visual Studio Version 17
VisualStudioVersion = 17.4.33110.190
MinimumVisualStudioVersion = 10.0.40219.1
Project("{FAE04EC0-301F-11D3-BF4B-00C04F79EFBC}") = "toanTu", "toanTu\toanTu.csproj", "{6C396D81-CAF6-42ED-A116-8A361F915AE6}"
EndProject
Global
	GlobalSection(SolutionConfigurationPlatforms) = preSolution
		Debug|Any CPU = Debug|Any CPU
		Release|Any CPU = Release|Any CPU
	EndGlobalSection
	GlobalSection(ProjectConfigurationPlatforms) = postSolution
		{6C396D81-CAF6-42ED-A116-8A361F915AE6}.Debug|Any CPU.ActiveCfg = Debug|Any CPU
		{6C396D81-CAF6-42ED-A116-8A361F915AE6}.Debug|Any CPU.Build.0 = Debug|Any CPU
		{6C396D81-CAF6-42ED-A116-8A361F915AE6}.Release|Any CPU.ActiveCfg = Release|Any CPU
		{6C396D81-CAF6-42ED-A116-8A361F915AE6}.Release|Any CPU.Build.0 = Release|Any CPU
	EndGlobalSection
	GlobalSection(SolutionProperties) = preSolution
		HideSolutionNode = FALSE
	EndGlobalSection
	GlobalSection(ExtensibilityGlobals) = postSolution
		SolutionGuid = {FAEDCC11-DC8D-4E0F-A56F-60BE7ED41C38}
	EndGlobalSection
EndGlobal
