
Microsoft Visual Studio Solution File, Format Version 12.00
# Visual Studio Version 17
VisualStudioVersion = 17.4.33110.190
MinimumVisualStudioVersion = 10.0.40219.1
Project("{FAE04EC0-301F-11D3-BF4B-00C04F79EFBC}") = "SoNguyenTo", "SoNguyenTo\SoNguyenTo.csproj", "{8FABE692-A771-4C97-BAF6-2973F7F67CC6}"
EndProject
Global
	GlobalSection(SolutionConfigurationPlatforms) = preSolution
		Debug|Any CPU = Debug|Any CPU
		Release|Any CPU = Release|Any CPU
	EndGlobalSection
	GlobalSection(ProjectConfigurationPlatforms) = postSolution
		{8FABE692-A771-4C97-BAF6-2973F7F67CC6}.Debug|Any CPU.ActiveCfg = Debug|Any CPU
		{8FABE692-A771-4C97-BAF6-2973F7F67CC6}.Debug|Any CPU.Build.0 = Debug|Any CPU
		{8FABE692-A771-4C97-BAF6-2973F7F67CC6}.Release|Any CPU.ActiveCfg = Release|Any CPU
		{8FABE692-A771-4C97-BAF6-2973F7F67CC6}.Release|Any CPU.Build.0 = Release|Any CPU
	EndGlobalSection
	GlobalSection(SolutionProperties) = preSolution
		HideSolutionNode = FALSE
	EndGlobalSection
	GlobalSection(ExtensibilityGlobals) = postSolution
		SolutionGuid = {93F79400-2538-4BCB-B2DF-07BBADF101AE}
	EndGlobalSection
EndGlobal
